
Microsoft Visual Studio Solution File, Format Version 12.00
# Visual Studio 14
VisualStudioVersion = 14.0.23107.0
MinimumVisualStudioVersion = 10.0.40219.1
Project("{FAE04EC0-301F-11D3-BF4B-00C04F79EFBC}") = "Jane.Rest", "Jane.Rest\Jane.Rest.csproj", "{4A731BDC-54BE-4A6E-BC63-1FBA6ED6E268}"
EndProject
Project("{FAE04EC0-301F-11D3-BF4B-00C04F79EFBC}") = "Jane.Rest.Test", "Jane.Rest.Test\Jane.Rest.Test.csproj", "{98055250-7EF0-41B9-83F1-421AF8942EF5}"
EndProject
Global
	GlobalSection(SolutionConfigurationPlatforms) = preSolution
		Debug|Any CPU = Debug|Any CPU
		Release|Any CPU = Release|Any CPU
	EndGlobalSection
	GlobalSection(ProjectConfigurationPlatforms) = postSolution
		{4A731BDC-54BE-4A6E-BC63-1FBA6ED6E268}.Debug|Any CPU.ActiveCfg = Debug|Any CPU
		{4A731BDC-54BE-4A6E-BC63-1FBA6ED6E268}.Debug|Any CPU.Build.0 = Debug|Any CPU
		{4A731BDC-54BE-4A6E-BC63-1FBA6ED6E268}.Release|Any CPU.ActiveCfg = Release|Any CPU
		{4A731BDC-54BE-4A6E-BC63-1FBA6ED6E268}.Release|Any CPU.Build.0 = Release|Any CPU
		{98055250-7EF0-41B9-83F1-421AF8942EF5}.Debug|Any CPU.ActiveCfg = Debug|Any CPU
		{98055250-7EF0-41B9-83F1-421AF8942EF5}.Debug|Any CPU.Build.0 = Debug|Any CPU
		{98055250-7EF0-41B9-83F1-421AF8942EF5}.Release|Any CPU.ActiveCfg = Release|Any CPU
		{98055250-7EF0-41B9-83F1-421AF8942EF5}.Release|Any CPU.Build.0 = Release|Any CPU
	EndGlobalSection
	GlobalSection(SolutionProperties) = preSolution
		HideSolutionNode = FALSE
	EndGlobalSection
EndGlobal
